
Microsoft Visual Studio Solution File, Format Version 12.00
# Visual Studio Version 17
VisualStudioVersion = 17.8.34408.163
MinimumVisualStudioVersion = 10.0.40219.1
Project("{FAE04EC0-301F-11D3-BF4B-00C04F79EFBC}") = "Lap", "Lap\Lap.csproj", "{E263C546-7060-43F9-90EB-A86A4C1583A8}"
EndProject
Global
	GlobalSection(SolutionConfigurationPlatforms) = preSolution
		Debug|Any CPU = Debug|Any CPU
		Release|Any CPU = Release|Any CPU
	EndGlobalSection
	GlobalSection(ProjectConfigurationPlatforms) = postSolution
		{E263C546-7060-43F9-90EB-A86A4C1583A8}.Debug|Any CPU.ActiveCfg = Debug|Any CPU
		{E263C546-7060-43F9-90EB-A86A4C1583A8}.Debug|Any CPU.Build.0 = Debug|Any CPU
		{E263C546-7060-43F9-90EB-A86A4C1583A8}.Release|Any CPU.ActiveCfg = Release|Any CPU
		{E263C546-7060-43F9-90EB-A86A4C1583A8}.Release|Any CPU.Build.0 = Release|Any CPU
	EndGlobalSection
	GlobalSection(SolutionProperties) = preSolution
		HideSolutionNode = FALSE
	EndGlobalSection
	GlobalSection(ExtensibilityGlobals) = postSolution
		SolutionGuid = {74A00314-E7E1-44C5-9E21-CBD92AEE1A2A}
	EndGlobalSection
EndGlobal
